
Microsoft Visual Studio Solution File, Format Version 12.00
# Visual Studio 15
VisualStudioVersion = 15.0.28307.136
MinimumVisualStudioVersion = 10.0.40219.1
Project("{FAE04EC0-301F-11D3-BF4B-00C04F79EFBC}") = "ElectronicStore", "ElectronicStore\ElectronicStore.csproj", "{0AFAA2EC-31C3-46F8-B155-098CF13412B3}"
EndProject
Global
	GlobalSection(SolutionConfigurationPlatforms) = preSolution
		Debug|Any CPU = Debug|Any CPU
		Release|Any CPU = Release|Any CPU
	EndGlobalSection
	GlobalSection(ProjectConfigurationPlatforms) = postSolution
		{0AFAA2EC-31C3-46F8-B155-098CF13412B3}.Debug|Any CPU.ActiveCfg = Debug|Any CPU
		{0AFAA2EC-31C3-46F8-B155-098CF13412B3}.Debug|Any CPU.Build.0 = Debug|Any CPU
		{0AFAA2EC-31C3-46F8-B155-098CF13412B3}.Release|Any CPU.ActiveCfg = Release|Any CPU
		{0AFAA2EC-31C3-46F8-B155-098CF13412B3}.Release|Any CPU.Build.0 = Release|Any CPU
	EndGlobalSection
	GlobalSection(SolutionProperties) = preSolution
		HideSolutionNode = FALSE
	EndGlobalSection
	GlobalSection(ExtensibilityGlobals) = postSolution
		SolutionGuid = {80D916AF-9A41-4398-935E-CB946B5374EE}
	EndGlobalSection
EndGlobal
